
Microsoft Visual Studio Solution File, Format Version 12.00
# Visual Studio 15
VisualStudioVersion = 15.0.28307.438
MinimumVisualStudioVersion = 10.0.40219.1
Project("{8BC9CEB8-8B4A-11D0-8D11-00A0C91BC942}") = "0326", "0326.vcxproj", "{FD21D495-2BC1-4A41-BC9C-F5B6ADB97BA5}"
EndProject
Global
	GlobalSection(SolutionConfigurationPlatforms) = preSolution
		Debug|x64 = Debug|x64
		Debug|x86 = Debug|x86
		Release|x64 = Release|x64
		Release|x86 = Release|x86
	EndGlobalSection
	GlobalSection(ProjectConfigurationPlatforms) = postSolution
		{FD21D495-2BC1-4A41-BC9C-F5B6ADB97BA5}.Debug|x64.ActiveCfg = Debug|x64
		{FD21D495-2BC1-4A41-BC9C-F5B6ADB97BA5}.Debug|x64.Build.0 = Debug|x64
		{FD21D495-2BC1-4A41-BC9C-F5B6ADB97BA5}.Debug|x86.ActiveCfg = Debug|Win32
		{FD21D495-2BC1-4A41-BC9C-F5B6ADB97BA5}.Debug|x86.Build.0 = Debug|Win32
		{FD21D495-2BC1-4A41-BC9C-F5B6ADB97BA5}.Release|x64.ActiveCfg = Release|x64
		{FD21D495-2BC1-4A41-BC9C-F5B6ADB97BA5}.Release|x64.Build.0 = Release|x64
		{FD21D495-2BC1-4A41-BC9C-F5B6ADB97BA5}.Release|x86.ActiveCfg = Release|Win32
		{FD21D495-2BC1-4A41-BC9C-F5B6ADB97BA5}.Release|x86.Build.0 = Release|Win32
	EndGlobalSection
	GlobalSection(SolutionProperties) = preSolution
		HideSolutionNode = FALSE
	EndGlobalSection
	GlobalSection(ExtensibilityGlobals) = postSolution
		SolutionGuid = {3490D4E9-BE51-43A5-8C84-8F94D65EDD2A}
	EndGlobalSection
EndGlobal
