
Microsoft Visual Studio Solution File, Format Version 12.00
# Visual Studio 15
VisualStudioVersion = 15.0.28307.421
MinimumVisualStudioVersion = 10.0.40219.1
Project("{8BC9CEB8-8B4A-11D0-8D11-00A0C91BC942}") = "0315", "0315\0315.vcxproj", "{0B10341D-D25C-4910-9E93-1F84EB680EFD}"
EndProject
Global
	GlobalSection(SolutionConfigurationPlatforms) = preSolution
		Debug|x64 = Debug|x64
		Debug|x86 = Debug|x86
		Release|x64 = Release|x64
		Release|x86 = Release|x86
	EndGlobalSection
	GlobalSection(ProjectConfigurationPlatforms) = postSolution
		{0B10341D-D25C-4910-9E93-1F84EB680EFD}.Debug|x64.ActiveCfg = Debug|x64
		{0B10341D-D25C-4910-9E93-1F84EB680EFD}.Debug|x64.Build.0 = Debug|x64
		{0B10341D-D25C-4910-9E93-1F84EB680EFD}.Debug|x86.ActiveCfg = Debug|Win32
		{0B10341D-D25C-4910-9E93-1F84EB680EFD}.Debug|x86.Build.0 = Debug|Win32
		{0B10341D-D25C-4910-9E93-1F84EB680EFD}.Release|x64.ActiveCfg = Release|x64
		{0B10341D-D25C-4910-9E93-1F84EB680EFD}.Release|x64.Build.0 = Release|x64
		{0B10341D-D25C-4910-9E93-1F84EB680EFD}.Release|x86.ActiveCfg = Release|Win32
		{0B10341D-D25C-4910-9E93-1F84EB680EFD}.Release|x86.Build.0 = Release|Win32
	EndGlobalSection
	GlobalSection(SolutionProperties) = preSolution
		HideSolutionNode = FALSE
	EndGlobalSection
	GlobalSection(ExtensibilityGlobals) = postSolution
		SolutionGuid = {C53E4B9E-4CAE-4764-826A-A73509942902}
	EndGlobalSection
EndGlobal
